
Microsoft Visual Studio Solution File, Format Version 12.00
# Visual Studio Version 16
VisualStudioVersion = 16.0.30804.86
MinimumVisualStudioVersion = 10.0.40219.1
Project("{FAE04EC0-301F-11D3-BF4B-00C04F79EFBC}") = "VoiceControlBrowser", "VoiceControlBrowser.csproj", "{E626D8D0-D146-4B57-8AE7-FDD5125DFF22}"
EndProject
Global
	GlobalSection(SolutionConfigurationPlatforms) = preSolution
		Debug|Any CPU = Debug|Any CPU
		Release|Any CPU = Release|Any CPU
	EndGlobalSection
	GlobalSection(ProjectConfigurationPlatforms) = postSolution
		{E626D8D0-D146-4B57-8AE7-FDD5125DFF22}.Debug|Any CPU.ActiveCfg = Debug|Any CPU
		{E626D8D0-D146-4B57-8AE7-FDD5125DFF22}.Debug|Any CPU.Build.0 = Debug|Any CPU
		{E626D8D0-D146-4B57-8AE7-FDD5125DFF22}.Release|Any CPU.ActiveCfg = Release|Any CPU
		{E626D8D0-D146-4B57-8AE7-FDD5125DFF22}.Release|Any CPU.Build.0 = Release|Any CPU
	EndGlobalSection
	GlobalSection(SolutionProperties) = preSolution
		HideSolutionNode = FALSE
	EndGlobalSection
	GlobalSection(ExtensibilityGlobals) = postSolution
		SolutionGuid = {85346863-7214-469A-B831-B7A480D5189E}
	EndGlobalSection
EndGlobal
